Microsoft Visual Studio Solution File, Format Version 12.00
# Visual Studio Version 17
VisualStudioVersion = 17.5.2.0
MinimumVisualStudioVersion = 10.0.40219.1
Project("{FAE04EC0-301F-11D3-BF4B-00C04F79EFBC}") = "vsxlist", "vsxlist.csproj", "{CF3B57CE-9F01-4612-3E65-9C59565FD93A}"
EndProject
Project("{FAE04EC0-301F-11D3-BF4B-00C04F79EFBC}") = "Tests", "Tests\Tests.csproj", "{796352BA-A4DB-4740-8C81-59A5144112E4}"
EndProject
Global
	GlobalSection(SolutionConfigurationPlatforms) = preSolution
		Debug|Any CPU = Debug|Any CPU
		Release|Any CPU = Release|Any CPU
	EndGlobalSection
	GlobalSection(ProjectConfigurationPlatforms) = postSolution
		{CF3B57CE-9F01-4612-3E65-9C59565FD93A}.Debug|Any CPU.ActiveCfg = Debug|Any CPU
		{CF3B57CE-9F01-4612-3E65-9C59565FD93A}.Debug|Any CPU.Build.0 = Debug|Any CPU
		{CF3B57CE-9F01-4612-3E65-9C59565FD93A}.Release|Any CPU.ActiveCfg = Release|Any CPU
		{CF3B57CE-9F01-4612-3E65-9C59565FD93A}.Release|Any CPU.Build.0 = Release|Any CPU
		{796352BA-A4DB-4740-8C81-59A5144112E4}.Debug|Any CPU.ActiveCfg = Debug|Any CPU
		{796352BA-A4DB-4740-8C81-59A5144112E4}.Debug|Any CPU.Build.0 = Debug|Any CPU
		{796352BA-A4DB-4740-8C81-59A5144112E4}.Release|Any CPU.ActiveCfg = Release|Any CPU
		{796352BA-A4DB-4740-8C81-59A5144112E4}.Release|Any CPU.Build.0 = Release|Any CPU
	EndGlobalSection
	GlobalSection(SolutionProperties) = preSolution
		HideSolutionNode = FALSE
	EndGlobalSection
	GlobalSection(ExtensibilityGlobals) = postSolution
		SolutionGuid = {66460725-67B9-4078-99BA-AFE34E9197E3}
	EndGlobalSection
EndGlobal
